
Microsoft Visual Studio Solution File, Format Version 12.00
# Visual Studio 15
VisualStudioVersion = 15.0.26730.16
MinimumVisualStudioVersion = 10.0.40219.1
Project("{FAE04EC0-301F-11D3-BF4B-00C04F79EFBC}") = "KillrGame-GabeCampbell", "KillrGame-GabeCampbell\KillrGame-GabeCampbell.csproj", "{EAF58FA4-B362-4B6F-99AE-A8C3132BA332}"
EndProject
Global
	GlobalSection(SolutionConfigurationPlatforms) = preSolution
		Debug|Any CPU = Debug|Any CPU
		Release|Any CPU = Release|Any CPU
	EndGlobalSection
	GlobalSection(ProjectConfigurationPlatforms) = postSolution
		{EAF58FA4-B362-4B6F-99AE-A8C3132BA332}.Debug|Any CPU.ActiveCfg = Debug|Any CPU
		{EAF58FA4-B362-4B6F-99AE-A8C3132BA332}.Debug|Any CPU.Build.0 = Debug|Any CPU
		{EAF58FA4-B362-4B6F-99AE-A8C3132BA332}.Release|Any CPU.ActiveCfg = Release|Any CPU
		{EAF58FA4-B362-4B6F-99AE-A8C3132BA332}.Release|Any CPU.Build.0 = Release|Any CPU
	EndGlobalSection
	GlobalSection(SolutionProperties) = preSolution
		HideSolutionNode = FALSE
	EndGlobalSection
	GlobalSection(ExtensibilityGlobals) = postSolution
		SolutionGuid = {FCC1E111-B01E-418F-BE43-8C8C6FFB5E7B}
	EndGlobalSection
EndGlobal
